
Microsoft Visual Studio Solution File, Format Version 12.00
# Visual Studio Version 16
VisualStudioVersion = 16.0.34729.46
MinimumVisualStudioVersion = 10.0.40219.1
Project("{FAE04EC0-301F-11D3-BF4B-00C04F79EFBC}") = "multi_user_registeration", "multi_user_registeration\multi_user_registeration.csproj", "{515FF3F4-864C-47C3-9840-828F78FA90A1}"
EndProject
Global
	GlobalSection(SolutionConfigurationPlatforms) = preSolution
		Debug|Any CPU = Debug|Any CPU
		Release|Any CPU = Release|Any CPU
	EndGlobalSection
	GlobalSection(ProjectConfigurationPlatforms) = postSolution
		{515FF3F4-864C-47C3-9840-828F78FA90A1}.Debug|Any CPU.ActiveCfg = Debug|Any CPU
		{515FF3F4-864C-47C3-9840-828F78FA90A1}.Debug|Any CPU.Build.0 = Debug|Any CPU
		{515FF3F4-864C-47C3-9840-828F78FA90A1}.Release|Any CPU.ActiveCfg = Release|Any CPU
		{515FF3F4-864C-47C3-9840-828F78FA90A1}.Release|Any CPU.Build.0 = Release|Any CPU
	EndGlobalSection
	GlobalSection(SolutionProperties) = preSolution
		HideSolutionNode = FALSE
	EndGlobalSection
	GlobalSection(ExtensibilityGlobals) = postSolution
		SolutionGuid = {1A4BB915-8683-4F72-BFDE-091D34FD8A20}
	EndGlobalSection
EndGlobal
